
Microsoft Visual Studio Solution File, Format Version 12.00
# Visual Studio Version 16
VisualStudioVersion = 16.0.30002.166
MinimumVisualStudioVersion = 10.0.40219.1
Project("{2150E333-8FDC-42A3-9474-1A3956D46DE8}") = "Docs", "Docs", "{BB60CF49-8446-4F3A-A749-C3CFC10BA5EB}"
EndProject
Project("{2150E333-8FDC-42A3-9474-1A3956D46DE8}") = "Src", "Src", "{3F410A10-B429-43CF-9007-3E59AD4B2C7B}"
EndProject
Project("{2150E333-8FDC-42A3-9474-1A3956D46DE8}") = "Tests", "Tests", "{B75916E9-1E7D-490D-B0B2-37E0045E6329}"
EndProject
Project("{2150E333-8FDC-42A3-9474-1A3956D46DE8}") = "Core", "Core", "{287E4529-49FB-470B-A158-5DAF2F9D1870}"
EndProject
Project("{2150E333-8FDC-42A3-9474-1A3956D46DE8}") = "Presentation", "Presentation", "{75A2F373-8B51-4850-ADE9-A6F32CDB39E1}"
EndProject
Project("{FAE04EC0-301F-11D3-BF4B-00C04F79EFBC}") = "Core.Domain", "Src\Core\Core.Domain\Core.Domain.csproj", "{5E2EAE60-96D7-441B-A7A5-4BBF1ABF3939}"
EndProject
Project("{FAE04EC0-301F-11D3-BF4B-00C04F79EFBC}") = "Core.Application", "Src\Core\Core.Application\Core.Application.csproj", "{AFC8C8A6-0F93-4A00-B6B3-8A4D067E7DFC}"
EndProject
Project("{2150E333-8FDC-42A3-9474-1A3956D46DE8}") = "Infrastructure", "Infrastructure", "{97283719-E256-4ECD-B4CF-E567C0D30488}"
EndProject
Project("{FAE04EC0-301F-11D3-BF4B-00C04F79EFBC}") = "Persistence", "Src\Infrastructure\Persistence\Persistence.csproj", "{9FEBA620-CEEA-486D-977D-0104D5A5EA87}"
EndProject
Project("{FAE04EC0-301F-11D3-BF4B-00C04F79EFBC}") = "Api", "Src\Presentation\Api\Api.csproj", "{F5C9044C-8DC6-4051-8384-7119933206E4}"
EndProject
Project("{FAE04EC0-301F-11D3-BF4B-00C04F79EFBC}") = "Dating.Tests", "Tests\Dating.Tests\Dating.Tests.csproj", "{1D7C5C72-2246-49D6-8C58-C883BADA7884}"
EndProject
Global
	GlobalSection(SolutionConfigurationPlatforms) = preSolution
		Debug|Any CPU = Debug|Any CPU
		Release|Any CPU = Release|Any CPU
	EndGlobalSection
	GlobalSection(ProjectConfigurationPlatforms) = postSolution
		{5E2EAE60-96D7-441B-A7A5-4BBF1ABF3939}.Debug|Any CPU.ActiveCfg = Debug|Any CPU
		{5E2EAE60-96D7-441B-A7A5-4BBF1ABF3939}.Debug|Any CPU.Build.0 = Debug|Any CPU
		{5E2EAE60-96D7-441B-A7A5-4BBF1ABF3939}.Release|Any CPU.ActiveCfg = Release|Any CPU
		{5E2EAE60-96D7-441B-A7A5-4BBF1ABF3939}.Release|Any CPU.Build.0 = Release|Any CPU
		{AFC8C8A6-0F93-4A00-B6B3-8A4D067E7DFC}.Debug|Any CPU.ActiveCfg = Debug|Any CPU
		{AFC8C8A6-0F93-4A00-B6B3-8A4D067E7DFC}.Debug|Any CPU.Build.0 = Debug|Any CPU
		{AFC8C8A6-0F93-4A00-B6B3-8A4D067E7DFC}.Release|Any CPU.ActiveCfg = Release|Any CPU
		{AFC8C8A6-0F93-4A00-B6B3-8A4D067E7DFC}.Release|Any CPU.Build.0 = Release|Any CPU
		{9FEBA620-CEEA-486D-977D-0104D5A5EA87}.Debug|Any CPU.ActiveCfg = Debug|Any CPU
		{9FEBA620-CEEA-486D-977D-0104D5A5EA87}.Debug|Any CPU.Build.0 = Debug|Any CPU
		{9FEBA620-CEEA-486D-977D-0104D5A5EA87}.Release|Any CPU.ActiveCfg = Release|Any CPU
		{9FEBA620-CEEA-486D-977D-0104D5A5EA87}.Release|Any CPU.Build.0 = Release|Any CPU
		{F5C9044C-8DC6-4051-8384-7119933206E4}.Debug|Any CPU.ActiveCfg = Debug|Any CPU
		{F5C9044C-8DC6-4051-8384-7119933206E4}.Debug|Any CPU.Build.0 = Debug|Any CPU
		{F5C9044C-8DC6-4051-8384-7119933206E4}.Release|Any CPU.ActiveCfg = Release|Any CPU
		{F5C9044C-8DC6-4051-8384-7119933206E4}.Release|Any CPU.Build.0 = Release|Any CPU
		{1D7C5C72-2246-49D6-8C58-C883BADA7884}.Debug|Any CPU.ActiveCfg = Debug|Any CPU
		{1D7C5C72-2246-49D6-8C58-C883BADA7884}.Debug|Any CPU.Build.0 = Debug|Any CPU
		{1D7C5C72-2246-49D6-8C58-C883BADA7884}.Release|Any CPU.ActiveCfg = Release|Any CPU
		{1D7C5C72-2246-49D6-8C58-C883BADA7884}.Release|Any CPU.Build.0 = Release|Any CPU
	EndGlobalSection
	GlobalSection(SolutionProperties) = preSolution
		HideSolutionNode = FALSE
	EndGlobalSection
	GlobalSection(NestedProjects) = preSolution
		{287E4529-49FB-470B-A158-5DAF2F9D1870} = {3F410A10-B429-43CF-9007-3E59AD4B2C7B}
		{75A2F373-8B51-4850-ADE9-A6F32CDB39E1} = {3F410A10-B429-43CF-9007-3E59AD4B2C7B}
		{5E2EAE60-96D7-441B-A7A5-4BBF1ABF3939} = {287E4529-49FB-470B-A158-5DAF2F9D1870}
		{AFC8C8A6-0F93-4A00-B6B3-8A4D067E7DFC} = {287E4529-49FB-470B-A158-5DAF2F9D1870}
		{97283719-E256-4ECD-B4CF-E567C0D30488} = {3F410A10-B429-43CF-9007-3E59AD4B2C7B}
		{9FEBA620-CEEA-486D-977D-0104D5A5EA87} = {97283719-E256-4ECD-B4CF-E567C0D30488}
		{F5C9044C-8DC6-4051-8384-7119933206E4} = {75A2F373-8B51-4850-ADE9-A6F32CDB39E1}
		{1D7C5C72-2246-49D6-8C58-C883BADA7884} = {B75916E9-1E7D-490D-B0B2-37E0045E6329}
	EndGlobalSection
	GlobalSection(ExtensibilityGlobals) = postSolution
		SolutionGuid = {00D96AD4-AB29-451C-9B1C-2DF60312569E}
	EndGlobalSection
EndGlobal
